
Microsoft Visual Studio Solution File, Format Version 12.00
# Visual Studio Version 16
VisualStudioVersion = 16.0.30114.105
MinimumVisualStudioVersion = 10.0.40219.1
Project("{FAE04EC0-301F-11D3-BF4B-00C04F79EFBC}") = "implementsForm.Web", "implementsForm.Web\implementsForm.Web.csproj", "{AC771E8D-34D4-44DB-8795-2A8DC884ACE3}"
EndProject
Global
	GlobalSection(SolutionConfigurationPlatforms) = preSolution
		Debug|Any CPU = Debug|Any CPU
		Release|Any CPU = Release|Any CPU
	EndGlobalSection
	GlobalSection(ProjectConfigurationPlatforms) = postSolution
		{AC771E8D-34D4-44DB-8795-2A8DC884ACE3}.Debug|Any CPU.ActiveCfg = Debug|Any CPU
		{AC771E8D-34D4-44DB-8795-2A8DC884ACE3}.Debug|Any CPU.Build.0 = Debug|Any CPU
		{AC771E8D-34D4-44DB-8795-2A8DC884ACE3}.Release|Any CPU.ActiveCfg = Release|Any CPU
		{AC771E8D-34D4-44DB-8795-2A8DC884ACE3}.Release|Any CPU.Build.0 = Release|Any CPU
	EndGlobalSection
	GlobalSection(SolutionProperties) = preSolution
		HideSolutionNode = FALSE
	EndGlobalSection
	GlobalSection(ExtensibilityGlobals) = postSolution
		SolutionGuid = {185F8FA4-8FD7-4916-BEC6-B27EBB67FEF3}
	EndGlobalSection
EndGlobal
